// !$*UTF8*$!
{
	archiveVersion = 1;
	classes = {
	};
	objectVersion = 50;
	objects = {

/* Begin PBXBuildFile section */
		29044E2023F8C10B0014C771 /* MainTabBarController.swift in Sources */ = {isa = PBXBuildFile; fileRef = 29044E1F23F8C10B0014C771 /* MainTabBarController.swift */; };
		29044E2223F8C7B10014C771 /* TransactionTableViewController.swift in Sources */ = {isa = PBXBuildFile; fileRef = 29044E2123F8C7B10014C771 /* TransactionTableViewController.swift */; };
		29044E2423F8CD000014C771 /* TransactionDetailTableViewController.swift in Sources */ = {isa = PBXBuildFile; fileRef = 29044E2323F8CD000014C771 /* TransactionDetailTableViewController.swift */; };
		29044E2623F8DB110014C771 /* AccountTableViewController.swift in Sources */ = {isa = PBXBuildFile; fileRef = 29044E2523F8DB110014C771 /* AccountTableViewController.swift */; };
		297E3CA323F87A2400C990C1 /* AppDelegate.swift in Sources */ = {isa = PBXBuildFile; fileRef = 297E3CA223F87A2400C990C1 /* AppDelegate.swift */; };
		297E3CA523F87A2400C990C1 /* SceneDelegate.swift in Sources */ = {isa = PBXBuildFile; fileRef = 297E3CA423F87A2400C990C1 /* SceneDelegate.swift */; };
		297E3CA723F87A2400C990C1 /* LoginViewController.swift in Sources */ = {isa = PBXBuildFile; fileRef = 297E3CA623F87A2400C990C1 /* LoginViewController.swift */; };
		297E3CAA23F87A2400C990C1 /* Main.storyboard in Resources */ = {isa = PBXBuildFile; fileRef = 297E3CA823F87A2400C990C1 /* Main.storyboard */; };
		297E3CAD23F87A2400C990C1 /* DockDeposit.xcdatamodeld in Sources */ = {isa = PBXBuildFile; fileRef = 297E3CAB23F87A2400C990C1 /* DockDeposit.xcdatamodeld */; };
		297E3CAF23F87A2500C990C1 /* Assets.xcassets in Resources */ = {isa = PBXBuildFile; fileRef = 297E3CAE23F87A2500C990C1 /* Assets.xcassets */; };
		297E3CB223F87A2500C990C1 /* LaunchScreen.storyboard in Resources */ = {isa = PBXBuildFile; fileRef = 297E3CB023F87A2500C990C1 /* LaunchScreen.storyboard */; };
		297E3CBD23F8AFDA00C990C1 /* TextFieldCell.swift in Sources */ = {isa = PBXBuildFile; fileRef = 297E3CBC23F8AFDA00C990C1 /* TextFieldCell.swift */; };
		297E3CBF23F8B05700C990C1 /* TransactionCell.swift in Sources */ = {isa = PBXBuildFile; fileRef = 297E3CBE23F8B05700C990C1 /* TransactionCell.swift */; };
		297E3CC123F8B06E00C990C1 /* MapCell.swift in Sources */ = {isa = PBXBuildFile; fileRef = 297E3CC023F8B06E00C990C1 /* MapCell.swift */; };
		297E3CC423F8B55300C990C1 /* SignUpTableViewController.swift in Sources */ = {isa = PBXBuildFile; fileRef = 297E3CC323F8B55300C990C1 /* SignUpTableViewController.swift */; };
		297E3CC623F8BCFC00C990C1 /* ControllerFactory.swift in Sources */ = {isa = PBXBuildFile; fileRef = 297E3CC523F8BCFC00C990C1 /* ControllerFactory.swift */; };
		297E3CC823F8BD4300C990C1 /* PhoneVerificationViewController.swift in Sources */ = {isa = PBXBuildFile; fileRef = 297E3CC723F8BD4300C990C1 /* PhoneVerificationViewController.swift */; };
/* End PBXBuildFile section */

/* Begin PBXFileReference section */
		29044E1F23F8C10B0014C771 /* MainTabBarController.swift */ = {isa = PBXFileReference; lastKnownFileType = sourcecode.swift; path = MainTabBarController.swift; sourceTree = "<group>"; };
		29044E2123F8C7B10014C771 /* TransactionTableViewController.swift */ = {isa = PBXFileReference; lastKnownFileType = sourcecode.swift; path = TransactionTableViewController.swift; sourceTree = "<group>"; };
		29044E2323F8CD000014C771 /* TransactionDetailTableViewController.swift */ = {isa = PBXFileReference; lastKnownFileType = sourcecode.swift; path = TransactionDetailTableViewController.swift; sourceTree = "<group>"; };
		29044E2523F8DB110014C771 /* AccountTableViewController.swift */ = {isa = PBXFileReference; lastKnownFileType = sourcecode.swift; path = AccountTableViewController.swift; sourceTree = "<group>"; };
		297E3C9F23F87A2400C990C1 /* DockDeposit.app */ = {isa = PBXFileReference; explicitFileType = wrapper.application; includeInIndex = 0; path = DockDeposit.app; sourceTree = BUILT_PRODUCTS_DIR; };
		297E3CA223F87A2400C990C1 /* AppDelegate.swift */ = {isa = PBXFileReference; lastKnownFileType = sourcecode.swift; path = AppDelegate.swift; sourceTree = "<group>"; };
		297E3CA423F87A2400C990C1 /* SceneDelegate.swift */ = {isa = PBXFileReference; lastKnownFileType = sourcecode.swift; path = SceneDelegate.swift; sourceTree = "<group>"; };
		297E3CA623F87A2400C990C1 /* LoginViewController.swift */ = {isa = PBXFileReference; lastKnownFileType = sourcecode.swift; path = LoginViewController.swift; sourceTree = "<group>"; };
		297E3CA923F87A2400C990C1 /* Base */ = {isa = PBXFileReference; lastKnownFileType = file.storyboard; name = Base; path = Base.lproj/Main.storyboard; sourceTree = "<group>"; };
		297E3CAC23F87A2400C990C1 /* DockDeposit.xcdatamodel */ = {isa = PBXFileReference; lastKnownFileType = wrapper.xcdatamodel; path = DockDeposit.xcdatamodel; sourceTree = "<group>"; };
		297E3CAE23F87A2500C990C1 /* Assets.xcassets */ = {isa = PBXFileReference; lastKnownFileType = folder.assetcatalog; path = Assets.xcassets; sourceTree = "<group>"; };
		297E3CB123F87A2500C990C1 /* Base */ = {isa = PBXFileReference; lastKnownFileType = file.storyboard; name = Base; path = Base.lproj/LaunchScreen.storyboard; sourceTree = "<group>"; };
		297E3CB323F87A2500C990C1 /* Info.plist */ = {isa = PBXFileReference; lastKnownFileType = text.plist.xml; path = Info.plist; sourceTree = "<group>"; };
		297E3CBC23F8AFDA00C990C1 /* TextFieldCell.swift */ = {isa = PBXFileReference; lastKnownFileType = sourcecode.swift; path = TextFieldCell.swift; sourceTree = "<group>"; };
		297E3CBE23F8B05700C990C1 /* TransactionCell.swift */ = {isa = PBXFileReference; lastKnownFileType = sourcecode.swift; path = TransactionCell.swift; sourceTree = "<group>"; };
		297E3CC023F8B06E00C990C1 /* MapCell.swift */ = {isa = PBXFileReference; lastKnownFileType = sourcecode.swift; path = MapCell.swift; sourceTree = "<group>"; };
		297E3CC323F8B55300C990C1 /* SignUpTableViewController.swift */ = {isa = PBXFileReference; lastKnownFileType = sourcecode.swift; path = SignUpTableViewController.swift; sourceTree = "<group>"; };
		297E3CC523F8BCFC00C990C1 /* ControllerFactory.swift */ = {isa = PBXFileReference; lastKnownFileType = sourcecode.swift; path = ControllerFactory.swift; sourceTree = "<group>"; };
		297E3CC723F8BD4300C990C1 /* PhoneVerificationViewController.swift */ = {isa = PBXFileReference; lastKnownFileType = sourcecode.swift; path = PhoneVerificationViewController.swift; sourceTree = "<group>"; };
/* End PBXFileReference section */

/* Begin PBXFrameworksBuildPhase section */
		297E3C9C23F87A2400C990C1 /* Frameworks */ = {
			isa = PBXFrameworksBuildPhase;
			buildActionMask = 2147483647;
			files = (
			);
			runOnlyForDeploymentPostprocessing = 0;
		};
/* End PBXFrameworksBuildPhase section */

/* Begin PBXGroup section */
		297E3C9623F87A2400C990C1 = {
			isa = PBXGroup;
			children = (
				297E3CA123F87A2400C990C1 /* DockDeposit */,
				297E3CA023F87A2400C990C1 /* Products */,
			);
			sourceTree = "<group>";
		};
		297E3CA023F87A2400C990C1 /* Products */ = {
			isa = PBXGroup;
			children = (
				297E3C9F23F87A2400C990C1 /* DockDeposit.app */,
			);
			name = Products;
			sourceTree = "<group>";
		};
		297E3CA123F87A2400C990C1 /* DockDeposit */ = {
			isa = PBXGroup;
			children = (
				297E3CC923F8BDF900C990C1 /* Factories */,
				297E3CC223F8B53900C990C1 /* Controllers */,
				297E3CBB23F8AFBD00C990C1 /* Cell */,
				297E3CA223F87A2400C990C1 /* AppDelegate.swift */,
				297E3CA423F87A2400C990C1 /* SceneDelegate.swift */,
				297E3CA823F87A2400C990C1 /* Main.storyboard */,
				297E3CAE23F87A2500C990C1 /* Assets.xcassets */,
				297E3CB023F87A2500C990C1 /* LaunchScreen.storyboard */,
				297E3CB323F87A2500C990C1 /* Info.plist */,
				297E3CAB23F87A2400C990C1 /* DockDeposit.xcdatamodeld */,
			);
			path = DockDeposit;
			sourceTree = "<group>";
		};
		297E3CBB23F8AFBD00C990C1 /* Cell */ = {
			isa = PBXGroup;
			children = (
				297E3CBC23F8AFDA00C990C1 /* TextFieldCell.swift */,
				297E3CBE23F8B05700C990C1 /* TransactionCell.swift */,
				297E3CC023F8B06E00C990C1 /* MapCell.swift */,
			);
			path = Cell;
			sourceTree = "<group>";
		};
		297E3CC223F8B53900C990C1 /* Controllers */ = {
			isa = PBXGroup;
			children = (
				297E3CA623F87A2400C990C1 /* LoginViewController.swift */,
				297E3CC323F8B55300C990C1 /* SignUpTableViewController.swift */,
				297E3CC723F8BD4300C990C1 /* PhoneVerificationViewController.swift */,
				29044E1F23F8C10B0014C771 /* MainTabBarController.swift */,
				29044E2123F8C7B10014C771 /* TransactionTableViewController.swift */,
				29044E2323F8CD000014C771 /* TransactionDetailTableViewController.swift */,
				29044E2523F8DB110014C771 /* AccountTableViewController.swift */,
			);
			path = Controllers;
			sourceTree = "<group>";
		};
		297E3CC923F8BDF900C990C1 /* Factories */ = {
			isa = PBXGroup;
			children = (
				297E3CC523F8BCFC00C990C1 /* ControllerFactory.swift */,
			);
			path = Factories;
			sourceTree = "<group>";
		};
/* End PBXGroup section */

/* Begin PBXNativeTarget section */
		297E3C9E23F87A2400C990C1 /* DockDeposit */ = {
			isa = PBXNativeTarget;
			buildConfigurationList = 297E3CB623F87A2500C990C1 /* Build configuration list for PBXNativeTarget "DockDeposit" */;
			buildPhases = (
				297E3C9B23F87A2400C990C1 /* Sources */,
				297E3C9C23F87A2400C990C1 /* Frameworks */,
				297E3C9D23F87A2400C990C1 /* Resources */,
			);
			buildRules = (
			);
			dependencies = (
			);
			name = DockDeposit;
			productName = DockDeposit;
			productReference = 297E3C9F23F87A2400C990C1 /* DockDeposit.app */;
			productType = "com.apple.product-type.application";
		};
/* End PBXNativeTarget section */

/* Begin PBXProject section */
		297E3C9723F87A2400C990C1 /* Project object */ = {
			isa = PBXProject;
			attributes = {
				LastSwiftUpdateCheck = 1130;
				LastUpgradeCheck = 1130;
				ORGANIZATIONNAME = "Ethan Keiser";
				TargetAttributes = {
					297E3C9E23F87A2400C990C1 = {
						CreatedOnToolsVersion = 11.3.1;
					};
				};
			};
			buildConfigurationList = 297E3C9A23F87A2400C990C1 /* Build configuration list for PBXProject "DockDeposit" */;
			compatibilityVersion = "Xcode 9.3";
			developmentRegion = en;
			hasScannedForEncodings = 0;
			knownRegions = (
				en,
				Base,
			);
			mainGroup = 297E3C9623F87A2400C990C1;
			productRefGroup = 297E3CA023F87A2400C990C1 /* Products */;
			projectDirPath = "";
			projectRoot = "";
			targets = (
				297E3C9E23F87A2400C990C1 /* DockDeposit */,
			);
		};
/* End PBXProject section */

/* Begin PBXResourcesBuildPhase section */
		297E3C9D23F87A2400C990C1 /* Resources */ = {
			isa = PBXResourcesBuildPhase;
			buildActionMask = 2147483647;
			files = (
				297E3CB223F87A2500C990C1 /* LaunchScreen.storyboard in Resources */,
				297E3CAF23F87A2500C990C1 /* Assets.xcassets in Resources */,
				297E3CAA23F87A2400C990C1 /* Main.storyboard in Resources */,
			);
			runOnlyForDeploymentPostprocessing = 0;
		};
/* End PBXResourcesBuildPhase section */

/* Begin PBXSourcesBuildPhase section */
		297E3C9B23F87A2400C990C1 /* Sources */ = {
			isa = PBXSourcesBuildPhase;
			buildActionMask = 2147483647;
			files = (
				297E3CBF23F8B05700C990C1 /* TransactionCell.swift in Sources */,
				297E3CA723F87A2400C990C1 /* LoginViewController.swift in Sources */,
				29044E2623F8DB110014C771 /* AccountTableViewController.swift in Sources */,
				29044E2023F8C10B0014C771 /* MainTabBarController.swift in Sources */,
				297E3CAD23F87A2400C990C1 /* DockDeposit.xcdatamodeld in Sources */,
				297E3CA323F87A2400C990C1 /* AppDelegate.swift in Sources */,
				29044E2423F8CD000014C771 /* TransactionDetailTableViewController.swift in Sources */,
				297E3CA523F87A2400C990C1 /* SceneDelegate.swift in Sources */,
				297E3CC623F8BCFC00C990C1 /* ControllerFactory.swift in Sources */,
				297E3CC823F8BD4300C990C1 /* PhoneVerificationViewController.swift in Sources */,
				29044E2223F8C7B10014C771 /* TransactionTableViewController.swift in Sources */,
				297E3CC123F8B06E00C990C1 /* MapCell.swift in Sources */,
				297E3CBD23F8AFDA00C990C1 /* TextFieldCell.swift in Sources */,
				297E3CC423F8B55300C990C1 /* SignUpTableViewController.swift in Sources */,
			);
			runOnlyForDeploymentPostprocessing = 0;
		};
/* End PBXSourcesBuildPhase section */

/* Begin PBXVariantGroup section */
		297E3CA823F87A2400C990C1 /* Main.storyboard */ = {
			isa = PBXVariantGroup;
			children = (
				297E3CA923F87A2400C990C1 /* Base */,
			);
			name = Main.storyboard;
			sourceTree = "<group>";
		};
		297E3CB023F87A2500C990C1 /* LaunchScreen.storyboard */ = {
			isa = PBXVariantGroup;
			children = (
				297E3CB123F87A2500C990C1 /* Base */,
			);
			name = LaunchScreen.storyboard;
			sourceTree = "<group>";
		};
/* End PBXVariantGroup section */

/* Begin XCBuildConfiguration section */
		297E3CB423F87A2500C990C1 /* Debug */ = {
			isa = XCBuildConfiguration;
			buildSettings = {
				ALWAYS_SEARCH_USER_PATHS = NO;
				CLANG_ANALYZER_NONNULL = YES;
				CLANG_ANALYZER_NUMBER_OBJECT_CONVERSION = YES_AGGRESSIVE;
				CLANG_CXX_LANGUAGE_STANDARD = "gnu++14";
				CLANG_CXX_LIBRARY = "libc++";
				CLANG_ENABLE_MODULES = YES;
				CLANG_ENABLE_OBJC_ARC = YES;
				CLANG_ENABLE_OBJC_WEAK = YES;
				CLANG_WARN_BLOCK_CAPTURE_AUTORELEASING = YES;
				CLANG_WARN_BOOL_CONVERSION = YES;
				CLANG_WARN_COMMA = YES;
				CLANG_WARN_CONSTANT_CONVERSION = YES;
				CLANG_WARN_DEPRECATED_OBJC_IMPLEMENTATIONS = YES;
				CLANG_WARN_DIRECT_OBJC_ISA_USAGE = YES_ERROR;
				CLANG_WARN_DOCUMENTATION_COMMENTS = YES;
				CLANG_WARN_EMPTY_BODY = YES;
				CLANG_WARN_ENUM_CONVERSION = YES;
				CLANG_WARN_INFINITE_RECURSION = YES;
				CLANG_WARN_INT_CONVERSION = YES;
				CLANG_WARN_NON_LITERAL_NULL_CONVERSION = YES;
				CLANG_WARN_OBJC_IMPLICIT_RETAIN_SELF = YES;
				CLANG_WARN_OBJC_LITERAL_CONVERSION = YES;
				CLANG_WARN_OBJC_ROOT_CLASS = YES_ERROR;
				CLANG_WARN_RANGE_LOOP_ANALYSIS = YES;
				CLANG_WARN_STRICT_PROTOTYPES = YES;
				CLANG_WARN_SUSPICIOUS_MOVE = YES;
				CLANG_WARN_UNGUARDED_AVAILABILITY = YES_AGGRESSIVE;
				CLANG_WARN_UNREACHABLE_CODE = YES;
				CLANG_WARN__DUPLICATE_METHOD_MATCH = YES;
				COPY_PHASE_STRIP = NO;
				DEBUG_INFORMATION_FORMAT = dwarf;
				ENABLE_STRICT_OBJC_MSGSEND = YES;
				ENABLE_TESTABILITY = YES;
				GCC_C_LANGUAGE_STANDARD = gnu11;
				GCC_DYNAMIC_NO_PIC = NO;
				GCC_NO_COMMON_BLOCKS = YES;
				GCC_OPTIMIZATION_LEVEL = 0;
				GCC_PREPROCESSOR_DEFINITIONS = (
					"DEBUG=1",
					"$(inherited)",
				);
				GCC_WARN_64_TO_32_BIT_CONVERSION = YES;
				GCC_WARN_ABOUT_RETURN_TYPE = YES_ERROR;
				GCC_WARN_UNDECLARED_SELECTOR = YES;
				GCC_WARN_UNINITIALIZED_AUTOS = YES_AGGRESSIVE;
				GCC_WARN_UNUSED_FUNCTION = YES;
				GCC_WARN_UNUSED_VARIABLE = YES;
				IPHONEOS_DEPLOYMENT_TARGET = 13.2;
				MTL_ENABLE_DEBUG_INFO = INCLUDE_SOURCE;
				MTL_FAST_MATH = YES;
				ONLY_ACTIVE_ARCH = YES;
				SDKROOT = iphoneos;
				SWIFT_ACTIVE_COMPILATION_CONDITIONS = DEBUG;
				SWIFT_OPTIMIZATION_LEVEL = "-Onone";
			};
			name = Debug;
		};
		297E3CB523F87A2500C990C1 /* Release */ = {
			isa = XCBuildConfiguration;
			buildSettings = {
				ALWAYS_SEARCH_USER_PATHS = NO;
				CLANG_ANALYZER_NONNULL = YES;
				CLANG_ANALYZER_NUMBER_OBJECT_CONVERSION = YES_AGGRESSIVE;
				CLANG_CXX_LANGUAGE_STANDARD = "gnu++14";
				CLANG_CXX_LIBRARY = "libc++";
				CLANG_ENABLE_MODULES = YES;
				CLANG_ENABLE_OBJC_ARC = YES;
				CLANG_ENABLE_OBJC_WEAK = YES;
				CLANG_WARN_BLOCK_CAPTURE_AUTORELEASING = YES;
				CLANG_WARN_BOOL_CONVERSION = YES;
				CLANG_WARN_COMMA = YES;
				CLANG_WARN_CONSTANT_CONVERSION = YES;
				CLANG_WARN_DEPRECATED_OBJC_IMPLEMENTATIONS = YES;
				CLANG_WARN_DIRECT_OBJC_ISA_USAGE = YES_ERROR;
				CLANG_WARN_DOCUMENTATION_COMMENTS = YES;
				CLANG_WARN_EMPTY_BODY = YES;
				CLANG_WARN_ENUM_CONVERSION = YES;
				CLANG_WARN_INFINITE_RECURSION = YES;
				CLANG_WARN_INT_CONVERSION = YES;
				CLANG_WARN_NON_LITERAL_NULL_CONVERSION = YES;
				CLANG_WARN_OBJC_IMPLICIT_RETAIN_SELF = YES;
				CLANG_WARN_OBJC_LITERAL_CONVERSION = YES;
				CLANG_WARN_OBJC_ROOT_CLASS = YES_ERROR;
				CLANG_WARN_RANGE_LOOP_ANALYSIS = YES;
				CLANG_WARN_STRICT_PROTOTYPES = YES;
				CLANG_WARN_SUSPICIOUS_MOVE = YES;
				CLANG_WARN_UNGUARDED_AVAILABILITY = YES_AGGRESSIVE;
				CLANG_WARN_UNREACHABLE_CODE = YES;
				CLANG_WARN__DUPLICATE_METHOD_MATCH = YES;
				COPY_PHASE_STRIP = NO;
				DEBUG_INFORMATION_FORMAT = "dwarf-with-dsym";
				ENABLE_NS_ASSERTIONS = NO;
				ENABLE_STRICT_OBJC_MSGSEND = YES;
				GCC_C_LANGUAGE_STANDARD = gnu11;
				GCC_NO_COMMON_BLOCKS = YES;
				GCC_WARN_64_TO_32_BIT_CONVERSION = YES;
				GCC_WARN_ABOUT_RETURN_TYPE = YES_ERROR;
				GCC_WARN_UNDECLARED_SELECTOR = YES;
				GCC_WARN_UNINITIALIZED_AUTOS = YES_AGGRESSIVE;
				GCC_WARN_UNUSED_FUNCTION = YES;
				GCC_WARN_UNUSED_VARIABLE = YES;
				IPHONEOS_DEPLOYMENT_TARGET = 13.2;
				MTL_ENABLE_DEBUG_INFO = NO;
				MTL_FAST_MATH = YES;
				SDKROOT = iphoneos;
				SWIFT_COMPILATION_MODE = wholemodule;
				SWIFT_OPTIMIZATION_LEVEL = "-O";
				VALIDATE_PRODUCT = YES;
			};
			name = Release;
		};
		297E3CB723F87A2500C990C1 /* Debug */ = {
			isa = XCBuildConfiguration;
			buildSettings = {
				ASSETCATALOG_COMPILER_APPICON_NAME = AppIcon;
				CODE_SIGN_STYLE = Automatic;
				DEVELOPMENT_TEAM = 26X9HV724Z;
				INFOPLIST_FILE = DockDeposit/Info.plist;
				LD_RUNPATH_SEARCH_PATHS = (
					"$(inherited)",
					"@executable_path/Frameworks",
				);
				PRODUCT_BUNDLE_IDENTIFIER = com.DockDeposit;
				PRODUCT_NAME = "$(TARGET_NAME)";
				SWIFT_VERSION = 5.0;
				TARGETED_DEVICE_FAMILY = "1,2";
			};
			name = Debug;
		};
		297E3CB823F87A2500C990C1 /* Release */ = {
			isa = XCBuildConfiguration;
			buildSettings = {
				ASSETCATALOG_COMPILER_APPICON_NAME = AppIcon;
				CODE_SIGN_STYLE = Automatic;
				DEVELOPMENT_TEAM = 26X9HV724Z;
				INFOPLIST_FILE = DockDeposit/Info.plist;
				LD_RUNPATH_SEARCH_PATHS = (
					"$(inherited)",
					"@executable_path/Frameworks",
				);
				PRODUCT_BUNDLE_IDENTIFIER = com.DockDeposit;
				PRODUCT_NAME = "$(TARGET_NAME)";
				SWIFT_VERSION = 5.0;
				TARGETED_DEVICE_FAMILY = "1,2";
			};
			name = Release;
		};
/* End XCBuildConfiguration section */

/* Begin XCConfigurationList section */
		297E3C9A23F87A2400C990C1 /* Build configuration list for PBXProject "DockDeposit" */ = {
			isa = XCConfigurationList;
			buildConfigurations = (
				297E3CB423F87A2500C990C1 /* Debug */,
				297E3CB523F87A2500C990C1 /* Release */,
			);
			defaultConfigurationIsVisible = 0;
			defaultConfigurationName = Release;
		};
		297E3CB623F87A2500C990C1 /* Build configuration list for PBXNativeTarget "DockDeposit" */ = {
			isa = XCConfigurationList;
			buildConfigurations = (
				297E3CB723F87A2500C990C1 /* Debug */,
				297E3CB823F87A2500C990C1 /* Release */,
			);
			defaultConfigurationIsVisible = 0;
			defaultConfigurationName = Release;
		};
/* End XCConfigurationList section */

/* Begin XCVersionGroup section */
		297E3CAB23F87A2400C990C1 /* DockDeposit.xcdatamodeld */ = {
			isa = XCVersionGroup;
			children = (
				297E3CAC23F87A2400C990C1 /* DockDeposit.xcdatamodel */,
			);
			currentVersion = 297E3CAC23F87A2400C990C1 /* DockDeposit.xcdatamodel */;
			path = DockDeposit.xcdatamodeld;
			sourceTree = "<group>";
			versionGroupType = wrapper.xcdatamodel;
		};
/* End XCVersionGroup section */
	};
	rootObject = 297E3C9723F87A2400C990C1 /* Project object */;
}
